
Microsoft Visual Studio Solution File, Format Version 12.00
# Visual Studio Version 17
VisualStudioVersion = 17.6.33829.357
MinimumVisualStudioVersion = 10.0.40219.1
Project("{FAE04EC0-301F-11D3-BF4B-00C04F79EFBC}") = "WalletApp", "WalletApp\WalletApp.csproj", "{9E01A593-C9A5-4F97-A062-2EA342E0FFD4}"
EndProject
Global
	GlobalSection(SolutionConfigurationPlatforms) = preSolution
		Debug|Any CPU = Debug|Any CPU
		Release|Any CPU = Release|Any CPU
	EndGlobalSection
	GlobalSection(ProjectConfigurationPlatforms) = postSolution
		{9E01A593-C9A5-4F97-A062-2EA342E0FFD4}.Debug|Any CPU.ActiveCfg = Debug|Any CPU
		{9E01A593-C9A5-4F97-A062-2EA342E0FFD4}.Debug|Any CPU.Build.0 = Debug|Any CPU
		{9E01A593-C9A5-4F97-A062-2EA342E0FFD4}.Release|Any CPU.ActiveCfg = Release|Any CPU
		{9E01A593-C9A5-4F97-A062-2EA342E0FFD4}.Release|Any CPU.Build.0 = Release|Any CPU
	EndGlobalSection
	GlobalSection(SolutionProperties) = preSolution
		HideSolutionNode = FALSE
	EndGlobalSection
	GlobalSection(ExtensibilityGlobals) = postSolution
		SolutionGuid = {F3CAAE00-E7BD-48D2-8EEF-88E6A549CBA9}
	EndGlobalSection
EndGlobal
